
Microsoft Visual Studio Solution File, Format Version 12.00
# Visual Studio Version 17
VisualStudioVersion = 17.4.33213.308
MinimumVisualStudioVersion = 10.0.40219.1
Project("{9A19103F-16F7-4668-BE54-9A1E7A4F7556}") = "RegisterApp.Server", "RegisterApp\Server\RegisterApp.Server.csproj", "{9725BBD9-2EDF-469D-898D-BA727F6B763F}"
EndProject
Project("{9A19103F-16F7-4668-BE54-9A1E7A4F7556}") = "RegisterApp.Client", "RegisterApp\Client\RegisterApp.Client.csproj", "{071E5499-776A-46EC-BFD1-0B89E5F5526F}"
EndProject
Project("{9A19103F-16F7-4668-BE54-9A1E7A4F7556}") = "RegisterApp.Shared", "RegisterApp\Shared\RegisterApp.Shared.csproj", "{709CF1F7-F68E-4930-AD27-AB593186B21B}"
EndProject
Global
	GlobalSection(SolutionConfigurationPlatforms) = preSolution
		Debug|Any CPU = Debug|Any CPU
		Release|Any CPU = Release|Any CPU
	EndGlobalSection
	GlobalSection(ProjectConfigurationPlatforms) = postSolution
		{9725BBD9-2EDF-469D-898D-BA727F6B763F}.Debug|Any CPU.ActiveCfg = Debug|Any CPU
		{9725BBD9-2EDF-469D-898D-BA727F6B763F}.Debug|Any CPU.Build.0 = Debug|Any CPU
		{9725BBD9-2EDF-469D-898D-BA727F6B763F}.Release|Any CPU.ActiveCfg = Release|Any CPU
		{9725BBD9-2EDF-469D-898D-BA727F6B763F}.Release|Any CPU.Build.0 = Release|Any CPU
		{071E5499-776A-46EC-BFD1-0B89E5F5526F}.Debug|Any CPU.ActiveCfg = Debug|Any CPU
		{071E5499-776A-46EC-BFD1-0B89E5F5526F}.Debug|Any CPU.Build.0 = Debug|Any CPU
		{071E5499-776A-46EC-BFD1-0B89E5F5526F}.Release|Any CPU.ActiveCfg = Release|Any CPU
		{071E5499-776A-46EC-BFD1-0B89E5F5526F}.Release|Any CPU.Build.0 = Release|Any CPU
		{709CF1F7-F68E-4930-AD27-AB593186B21B}.Debug|Any CPU.ActiveCfg = Debug|Any CPU
		{709CF1F7-F68E-4930-AD27-AB593186B21B}.Debug|Any CPU.Build.0 = Debug|Any CPU
		{709CF1F7-F68E-4930-AD27-AB593186B21B}.Release|Any CPU.ActiveCfg = Release|Any CPU
		{709CF1F7-F68E-4930-AD27-AB593186B21B}.Release|Any CPU.Build.0 = Release|Any CPU
	EndGlobalSection
	GlobalSection(SolutionProperties) = preSolution
		HideSolutionNode = FALSE
	EndGlobalSection
	GlobalSection(ExtensibilityGlobals) = postSolution
		SolutionGuid = {03AA8E0D-B619-4502-9F99-00EEC7CAD8AE}
	EndGlobalSection
EndGlobal
